
Microsoft Visual Studio Solution File, Format Version 12.00
# Visual Studio Version 16
VisualStudioVersion = 16.0.30621.155
MinimumVisualStudioVersion = 10.0.40219.1
Project("{9A19103F-16F7-4668-BE54-9A1E7A4F7556}") = "YoYoWebApp", "YoYoWebApp\YoYoWebApp.csproj", "{947969A0-4358-4C6C-988C-C4C6FA3693B5}"
EndProject
Project("{9A19103F-16F7-4668-BE54-9A1E7A4F7556}") = "YoYoWebApp.Core", "YoYoWebApp.Core\YoYoWebApp.Core.csproj", "{021AF4A6-0DE8-4C27-8130-BA02E45E4C3F}"
EndProject
Project("{9A19103F-16F7-4668-BE54-9A1E7A4F7556}") = "YoYoWebApp.Data", "YoYoWebApp.Data\YoYoWebApp.Data.csproj", "{35ACDDEC-EC94-428E-8344-E93A52537B11}"
EndProject
Project("{9A19103F-16F7-4668-BE54-9A1E7A4F7556}") = "YoYoWebApp.Infra", "YoYoWebApp.Infra\YoYoWebApp.Infra.csproj", "{35C2D8FB-7A47-4A15-AD62-B16D8099A4A6}"
EndProject
Global
	GlobalSection(SolutionConfigurationPlatforms) = preSolution
		Debug|Any CPU = Debug|Any CPU
		Release|Any CPU = Release|Any CPU
	EndGlobalSection
	GlobalSection(ProjectConfigurationPlatforms) = postSolution
		{947969A0-4358-4C6C-988C-C4C6FA3693B5}.Debug|Any CPU.ActiveCfg = Debug|Any CPU
		{947969A0-4358-4C6C-988C-C4C6FA3693B5}.Debug|Any CPU.Build.0 = Debug|Any CPU
		{947969A0-4358-4C6C-988C-C4C6FA3693B5}.Release|Any CPU.ActiveCfg = Release|Any CPU
		{947969A0-4358-4C6C-988C-C4C6FA3693B5}.Release|Any CPU.Build.0 = Release|Any CPU
		{021AF4A6-0DE8-4C27-8130-BA02E45E4C3F}.Debug|Any CPU.ActiveCfg = Debug|Any CPU
		{021AF4A6-0DE8-4C27-8130-BA02E45E4C3F}.Debug|Any CPU.Build.0 = Debug|Any CPU
		{021AF4A6-0DE8-4C27-8130-BA02E45E4C3F}.Release|Any CPU.ActiveCfg = Release|Any CPU
		{021AF4A6-0DE8-4C27-8130-BA02E45E4C3F}.Release|Any CPU.Build.0 = Release|Any CPU
		{35ACDDEC-EC94-428E-8344-E93A52537B11}.Debug|Any CPU.ActiveCfg = Debug|Any CPU
		{35ACDDEC-EC94-428E-8344-E93A52537B11}.Debug|Any CPU.Build.0 = Debug|Any CPU
		{35ACDDEC-EC94-428E-8344-E93A52537B11}.Release|Any CPU.ActiveCfg = Release|Any CPU
		{35ACDDEC-EC94-428E-8344-E93A52537B11}.Release|Any CPU.Build.0 = Release|Any CPU
		{35C2D8FB-7A47-4A15-AD62-B16D8099A4A6}.Debug|Any CPU.ActiveCfg = Debug|Any CPU
		{35C2D8FB-7A47-4A15-AD62-B16D8099A4A6}.Debug|Any CPU.Build.0 = Debug|Any CPU
		{35C2D8FB-7A47-4A15-AD62-B16D8099A4A6}.Release|Any CPU.ActiveCfg = Release|Any CPU
		{35C2D8FB-7A47-4A15-AD62-B16D8099A4A6}.Release|Any CPU.Build.0 = Release|Any CPU
	EndGlobalSection
	GlobalSection(SolutionProperties) = preSolution
		HideSolutionNode = FALSE
	EndGlobalSection
	GlobalSection(ExtensibilityGlobals) = postSolution
		SolutionGuid = {9582BC6A-5F8C-4297-85FE-9EE35111C5A7}
	EndGlobalSection
EndGlobal
